
Microsoft Visual Studio Solution File, Format Version 12.00
# Visual Studio Version 17
VisualStudioVersion = 17.0.32002.185
MinimumVisualStudioVersion = 10.0.40219.1
Project("{FAE04EC0-301F-11D3-BF4B-00C04F79EFBC}") = "Banco_pt1", "Banco_pt1\Banco_pt1.csproj", "{B8B82650-E00D-4ED2-BC99-99F1C8F4109D}"
EndProject
Global
	GlobalSection(SolutionConfigurationPlatforms) = preSolution
		Debug|Any CPU = Debug|Any CPU
		Release|Any CPU = Release|Any CPU
	EndGlobalSection
	GlobalSection(ProjectConfigurationPlatforms) = postSolution
		{B8B82650-E00D-4ED2-BC99-99F1C8F4109D}.Debug|Any CPU.ActiveCfg = Debug|Any CPU
		{B8B82650-E00D-4ED2-BC99-99F1C8F4109D}.Debug|Any CPU.Build.0 = Debug|Any CPU
		{B8B82650-E00D-4ED2-BC99-99F1C8F4109D}.Release|Any CPU.ActiveCfg = Release|Any CPU
		{B8B82650-E00D-4ED2-BC99-99F1C8F4109D}.Release|Any CPU.Build.0 = Release|Any CPU
	EndGlobalSection
	GlobalSection(SolutionProperties) = preSolution
		HideSolutionNode = FALSE
	EndGlobalSection
	GlobalSection(ExtensibilityGlobals) = postSolution
		SolutionGuid = {617194FB-1B61-44DE-B2E3-650539D84B89}
	EndGlobalSection
EndGlobal
