
Microsoft Visual Studio Solution File, Format Version 12.00
# Visual Studio Version 17
VisualStudioVersion = 17.0.32002.185
MinimumVisualStudioVersion = 10.0.40219.1
Project("{FAE04EC0-301F-11D3-BF4B-00C04F79EFBC}") = "Exemplo01", "Exemplo01.csproj", "{38E34F07-FE25-41E9-B82A-F4C5D1683792}"
EndProject
Global
	GlobalSection(SolutionConfigurationPlatforms) = preSolution
		Debug|Any CPU = Debug|Any CPU
		Release|Any CPU = Release|Any CPU
	EndGlobalSection
	GlobalSection(ProjectConfigurationPlatforms) = postSolution
		{38E34F07-FE25-41E9-B82A-F4C5D1683792}.Debug|Any CPU.ActiveCfg = Debug|Any CPU
		{38E34F07-FE25-41E9-B82A-F4C5D1683792}.Debug|Any CPU.Build.0 = Debug|Any CPU
		{38E34F07-FE25-41E9-B82A-F4C5D1683792}.Release|Any CPU.ActiveCfg = Release|Any CPU
		{38E34F07-FE25-41E9-B82A-F4C5D1683792}.Release|Any CPU.Build.0 = Release|Any CPU
	EndGlobalSection
	GlobalSection(SolutionProperties) = preSolution
		HideSolutionNode = FALSE
	EndGlobalSection
	GlobalSection(ExtensibilityGlobals) = postSolution
		SolutionGuid = {9213A79D-BDA1-44DD-8311-6B80286F71F3}
	EndGlobalSection
EndGlobal
