
Microsoft Visual Studio Solution File, Format Version 12.00
# Visual Studio Version 17
VisualStudioVersion = 17.0.32002.185
MinimumVisualStudioVersion = 10.0.40219.1
Project("{FAE04EC0-301F-11D3-BF4B-00C04F79EFBC}") = "Mouse-Fourcamp", "Mouse-Fourcamp.csproj", "{288E26CC-A471-432C-BED2-8602C3DC7520}"
EndProject
Global
	GlobalSection(SolutionConfigurationPlatforms) = preSolution
		Debug|Any CPU = Debug|Any CPU
		Release|Any CPU = Release|Any CPU
	EndGlobalSection
	GlobalSection(ProjectConfigurationPlatforms) = postSolution
		{288E26CC-A471-432C-BED2-8602C3DC7520}.Debug|Any CPU.ActiveCfg = Debug|Any CPU
		{288E26CC-A471-432C-BED2-8602C3DC7520}.Debug|Any CPU.Build.0 = Debug|Any CPU
		{288E26CC-A471-432C-BED2-8602C3DC7520}.Release|Any CPU.ActiveCfg = Release|Any CPU
		{288E26CC-A471-432C-BED2-8602C3DC7520}.Release|Any CPU.Build.0 = Release|Any CPU
	EndGlobalSection
	GlobalSection(SolutionProperties) = preSolution
		HideSolutionNode = FALSE
	EndGlobalSection
	GlobalSection(ExtensibilityGlobals) = postSolution
		SolutionGuid = {FEA444CE-7546-447E-81E1-6CBDE9CEF8C5}
	EndGlobalSection
EndGlobal
