
Microsoft Visual Studio Solution File, Format Version 12.00
# Visual Studio Version 17
VisualStudioVersion = 17.0.32002.185
MinimumVisualStudioVersion = 10.0.40219.1
Project("{FAE04EC0-301F-11D3-BF4B-00C04F79EFBC}") = "Leitura e Gravação", "Leitura e Gravação.csproj", "{64036D33-B998-4788-93B2-8A9BB016D5B1}"
EndProject
Global
	GlobalSection(SolutionConfigurationPlatforms) = preSolution
		Debug|Any CPU = Debug|Any CPU
		Release|Any CPU = Release|Any CPU
	EndGlobalSection
	GlobalSection(ProjectConfigurationPlatforms) = postSolution
		{64036D33-B998-4788-93B2-8A9BB016D5B1}.Debug|Any CPU.ActiveCfg = Debug|Any CPU
		{64036D33-B998-4788-93B2-8A9BB016D5B1}.Debug|Any CPU.Build.0 = Debug|Any CPU
		{64036D33-B998-4788-93B2-8A9BB016D5B1}.Release|Any CPU.ActiveCfg = Release|Any CPU
		{64036D33-B998-4788-93B2-8A9BB016D5B1}.Release|Any CPU.Build.0 = Release|Any CPU
	EndGlobalSection
	GlobalSection(SolutionProperties) = preSolution
		HideSolutionNode = FALSE
	EndGlobalSection
	GlobalSection(ExtensibilityGlobals) = postSolution
		SolutionGuid = {45A799B2-6E52-4DB0-A4BC-A69FC2625950}
	EndGlobalSection
EndGlobal
